// !$*UTF8*$!
{
	archiveVersion = 1;
	classes = {
	};
	objectVersion = 46;
	objects = {

/* Begin PBXBuildFile section */
		279ADCF31930E9E500D01D3A /* GLProgram.m in Sources */ = {isa = PBXBuildFile; fileRef = 279ADCD71930E9E500D01D3A /* GLProgram.m */; };
		279ADCF41930E9E500D01D3A /* GPUImageBuffer.m in Sources */ = {isa = PBXBuildFile; fileRef = 279ADCD91930E9E500D01D3A /* GPUImageBuffer.m */; };
		279ADCF51930E9E500D01D3A /* GPUImageFilter.m in Sources */ = {isa = PBXBuildFile; fileRef = 279ADCDB1930E9E500D01D3A /* GPUImageFilter.m */; };
		279ADCF61930E9E500D01D3A /* GPUImageGaussianBlurFilter.m in Sources */ = {isa = PBXBuildFile; fileRef = 279ADCDD1930E9E500D01D3A /* GPUImageGaussianBlurFilter.m */; };
		279ADCF71930E9E500D01D3A /* GPUImageOutput.m in Sources */ = {isa = PBXBuildFile; fileRef = 279ADCDF1930E9E500D01D3A /* GPUImageOutput.m */; };
		279ADCF81930E9E500D01D3A /* GPUImageTextureInput.m in Sources */ = {isa = PBXBuildFile; fileRef = 279ADCE11930E9E500D01D3A /* GPUImageTextureInput.m */; };
		279ADCF91930E9E500D01D3A /* GPUImageTextureOutput.m in Sources */ = {isa = PBXBuildFile; fileRef = 279ADCE31930E9E500D01D3A /* GPUImageTextureOutput.m */; };
		279ADCFA1930E9E500D01D3A /* GPUImageTwoPassFilter.m in Sources */ = {isa = PBXBuildFile; fileRef = 279ADCE51930E9E500D01D3A /* GPUImageTwoPassFilter.m */; };
		279ADCFB1930E9E500D01D3A /* GPUImageTwoPassTextureSamplingFilter.m in Sources */ = {isa = PBXBuildFile; fileRef = 279ADCE71930E9E500D01D3A /* GPUImageTwoPassTextureSamplingFilter.m */; };
		279ADCFC1930E9E500D01D3A /* GPUImageUIElement.m in Sources */ = {isa = PBXBuildFile; fileRef = 279ADCE91930E9E500D01D3A /* GPUImageUIElement.m */; };
		279ADCFD1930E9E500D01D3A /* GPUImageContext.m in Sources */ = {isa = PBXBuildFile; fileRef = 279ADCEC1930E9E500D01D3A /* GPUImageContext.m */; };
		279ADCFE1930E9E500D01D3A /* MSImageView.m in Sources */ = {isa = PBXBuildFile; fileRef = 279ADCEE1930E9E500D01D3A /* MSImageView.m */; };
		279ADCFF1930E9E500D01D3A /* MSLiveBlur.m in Sources */ = {isa = PBXBuildFile; fileRef = 279ADCF01930E9E500D01D3A /* MSLiveBlur.m */; };
		279ADD001930E9E500D01D3A /* MSViewController.m in Sources */ = {isa = PBXBuildFile; fileRef = 279ADCF21930E9E500D01D3A /* MSViewController.m */; };
		DC8EF73C18DCB730006E1433 /* MSDemoViewController.m in Sources */ = {isa = PBXBuildFile; fileRef = DC8EF72118DCB730006E1433 /* MSDemoViewController.m */; };
		DCF7C76A18DCB6950037EBAA /* Foundation.framework in Frameworks */ = {isa = PBXBuildFile; fileRef = DCF7C76918DCB6950037EBAA /* Foundation.framework */; };
		DCF7C76C18DCB6950037EBAA /* CoreGraphics.framework in Frameworks */ = {isa = PBXBuildFile; fileRef = DCF7C76B18DCB6950037EBAA /* CoreGraphics.framework */; };
		DCF7C76E18DCB6950037EBAA /* UIKit.framework in Frameworks */ = {isa = PBXBuildFile; fileRef = DCF7C76D18DCB6950037EBAA /* UIKit.framework */; };
		DCF7C77418DCB6950037EBAA /* InfoPlist.strings in Resources */ = {isa = PBXBuildFile; fileRef = DCF7C77218DCB6950037EBAA /* InfoPlist.strings */; };
		DCF7C77618DCB6950037EBAA /* main.m in Sources */ = {isa = PBXBuildFile; fileRef = DCF7C77518DCB6950037EBAA /* main.m */; };
		DCF7C77A18DCB6950037EBAA /* MSAppDelegate.m in Sources */ = {isa = PBXBuildFile; fileRef = DCF7C77918DCB6950037EBAA /* MSAppDelegate.m */; };
		DCF7C77C18DCB6950037EBAA /* Images.xcassets in Resources */ = {isa = PBXBuildFile; fileRef = DCF7C77B18DCB6950037EBAA /* Images.xcassets */; };
		DCF7C78318DCB6950037EBAA /* XCTest.framework in Frameworks */ = {isa = PBXBuildFile; fileRef = DCF7C78218DCB6950037EBAA /* XCTest.framework */; };
		DCF7C78418DCB6950037EBAA /* Foundation.framework in Frameworks */ = {isa = PBXBuildFile; fileRef = DCF7C76918DCB6950037EBAA /* Foundation.framework */; };
		DCF7C78518DCB6950037EBAA /* UIKit.framework in Frameworks */ = {isa = PBXBuildFile; fileRef = DCF7C76D18DCB6950037EBAA /* UIKit.framework */; };
		DCF7C78D18DCB6950037EBAA /* InfoPlist.strings in Resources */ = {isa = PBXBuildFile; fileRef = DCF7C78B18DCB6950037EBAA /* InfoPlist.strings */; };
		DCF7C78F18DCB6950037EBAA /* LiveBlurDemoTests.m in Sources */ = {isa = PBXBuildFile; fileRef = DCF7C78E18DCB6950037EBAA /* LiveBlurDemoTests.m */; };
/* End PBXBuildFile section */

/* Begin PBXContainerItemProxy section */
		DCF7C78618DCB6950037EBAA /* PBXContainerItemProxy */ = {
			isa = PBXContainerItemProxy;
			containerPortal = DCF7C75E18DCB6950037EBAA /* Project object */;
			proxyType = 1;
			remoteGlobalIDString = DCF7C76518DCB6950037EBAA;
			remoteInfo = LiveBlurDemo;
		};
/* End PBXContainerItemProxy section */

/* Begin PBXFileReference section */
		279ADCD61930E9E500D01D3A /* GLProgram.h */ = {isa = PBXFileReference; fileEncoding = 4; lastKnownFileType = sourcecode.c.h; path = GLProgram.h; sourceTree = "<group>"; };
		279ADCD71930E9E500D01D3A /* GLProgram.m */ = {isa = PBXFileReference; fileEncoding = 4; lastKnownFileType = sourcecode.c.objc; path = GLProgram.m; sourceTree = "<group>"; };
		279ADCD81930E9E500D01D3A /* GPUImageBuffer.h */ = {isa = PBXFileReference; fileEncoding = 4; lastKnownFileType = sourcecode.c.h; path = GPUImageBuffer.h; sourceTree = "<group>"; };
		279ADCD91930E9E500D01D3A /* GPUImageBuffer.m */ = {isa = PBXFileReference; fileEncoding = 4; lastKnownFileType = sourcecode.c.objc; path = GPUImageBuffer.m; sourceTree = "<group>"; };
		279ADCDA1930E9E500D01D3A /* GPUImageFilter.h */ = {isa = PBXFileReference; fileEncoding = 4; lastKnownFileType = sourcecode.c.h; path = GPUImageFilter.h; sourceTree = "<group>"; };
		279ADCDB1930E9E500D01D3A /* GPUImageFilter.m */ = {isa = PBXFileReference; fileEncoding = 4; lastKnownFileType = sourcecode.c.objc; path = GPUImageFilter.m; sourceTree = "<group>"; };
		279ADCDC1930E9E500D01D3A /* GPUImageGaussianBlurFilter.h */ = {isa = PBXFileReference; fileEncoding = 4; lastKnownFileType = sourcecode.c.h; path = GPUImageGaussianBlurFilter.h; sourceTree = "<group>"; };
		279ADCDD1930E9E500D01D3A /* GPUImageGaussianBlurFilter.m */ = {isa = PBXFileReference; fileEncoding = 4; lastKnownFileType = sourcecode.c.objc; path = GPUImageGaussianBlurFilter.m; sourceTree = "<group>"; };
		279ADCDE1930E9E500D01D3A /* GPUImageOutput.h */ = {isa = PBXFileReference; fileEncoding = 4; lastKnownFileType = sourcecode.c.h; path = GPUImageOutput.h; sourceTree = "<group>"; };
		279ADCDF1930E9E500D01D3A /* GPUImageOutput.m */ = {isa = PBXFileReference; fileEncoding = 4; lastKnownFileType = sourcecode.c.objc; path = GPUImageOutput.m; sourceTree = "<group>"; };
		279ADCE01930E9E500D01D3A /* GPUImageTextureInput.h */ = {isa = PBXFileReference; fileEncoding = 4; lastKnownFileType = sourcecode.c.h; path = GPUImageTextureInput.h; sourceTree = "<group>"; };
		279ADCE11930E9E500D01D3A /* GPUImageTextureInput.m */ = {isa = PBXFileReference; fileEncoding = 4; lastKnownFileType = sourcecode.c.objc; path = GPUImageTextureInput.m; sourceTree = "<group>"; };
		279ADCE21930E9E500D01D3A /* GPUImageTextureOutput.h */ = {isa = PBXFileReference; fileEncoding = 4; lastKnownFileType = sourcecode.c.h; path = GPUImageTextureOutput.h; sourceTree = "<group>"; };
		279ADCE31930E9E500D01D3A /* GPUImageTextureOutput.m */ = {isa = PBXFileReference; fileEncoding = 4; lastKnownFileType = sourcecode.c.objc; path = GPUImageTextureOutput.m; sourceTree = "<group>"; };
		279ADCE41930E9E500D01D3A /* GPUImageTwoPassFilter.h */ = {isa = PBXFileReference; fileEncoding = 4; lastKnownFileType = sourcecode.c.h; path = GPUImageTwoPassFilter.h; sourceTree = "<group>"; };
		279ADCE51930E9E500D01D3A /* GPUImageTwoPassFilter.m */ = {isa = PBXFileReference; fileEncoding = 4; lastKnownFileType = sourcecode.c.objc; path = GPUImageTwoPassFilter.m; sourceTree = "<group>"; };
		279ADCE61930E9E500D01D3A /* GPUImageTwoPassTextureSamplingFilter.h */ = {isa = PBXFileReference; fileEncoding = 4; lastKnownFileType = sourcecode.c.h; path = GPUImageTwoPassTextureSamplingFilter.h; sourceTree = "<group>"; };
		279ADCE71930E9E500D01D3A /* GPUImageTwoPassTextureSamplingFilter.m */ = {isa = PBXFileReference; fileEncoding = 4; lastKnownFileType = sourcecode.c.objc; path = GPUImageTwoPassTextureSamplingFilter.m; sourceTree = "<group>"; };
		279ADCE81930E9E500D01D3A /* GPUImageUIElement.h */ = {isa = PBXFileReference; fileEncoding = 4; lastKnownFileType = sourcecode.c.h; path = GPUImageUIElement.h; sourceTree = "<group>"; };
		279ADCE91930E9E500D01D3A /* GPUImageUIElement.m */ = {isa = PBXFileReference; fileEncoding = 4; lastKnownFileType = sourcecode.c.objc; path = GPUImageUIElement.m; sourceTree = "<group>"; };
		279ADCEB1930E9E500D01D3A /* GPUImageContext.h */ = {isa = PBXFileReference; fileEncoding = 4; lastKnownFileType = sourcecode.c.h; path = GPUImageContext.h; sourceTree = "<group>"; };
		279ADCEC1930E9E500D01D3A /* GPUImageContext.m */ = {isa = PBXFileReference; fileEncoding = 4; lastKnownFileType = sourcecode.c.objc; path = GPUImageContext.m; sourceTree = "<group>"; };
		279ADCED1930E9E500D01D3A /* MSImageView.h */ = {isa = PBXFileReference; fileEncoding = 4; lastKnownFileType = sourcecode.c.h; path = MSImageView.h; sourceTree = "<group>"; };
		279ADCEE1930E9E500D01D3A /* MSImageView.m */ = {isa = PBXFileReference; fileEncoding = 4; lastKnownFileType = sourcecode.c.objc; path = MSImageView.m; sourceTree = "<group>"; };
		279ADCEF1930E9E500D01D3A /* MSLiveBlur.h */ = {isa = PBXFileReference; fileEncoding = 4; lastKnownFileType = sourcecode.c.h; path = MSLiveBlur.h; sourceTree = "<group>"; };
		279ADCF01930E9E500D01D3A /* MSLiveBlur.m */ = {isa = PBXFileReference; fileEncoding = 4; lastKnownFileType = sourcecode.c.objc; path = MSLiveBlur.m; sourceTree = "<group>"; };
		279ADCF11930E9E500D01D3A /* MSViewController.h */ = {isa = PBXFileReference; fileEncoding = 4; lastKnownFileType = sourcecode.c.h; path = MSViewController.h; sourceTree = "<group>"; };
		279ADCF21930E9E500D01D3A /* MSViewController.m */ = {isa = PBXFileReference; fileEncoding = 4; lastKnownFileType = sourcecode.c.objc; path = MSViewController.m; sourceTree = "<group>"; };
		DC8EF72018DCB730006E1433 /* MSDemoViewController.h */ = {isa = PBXFileReference; fileEncoding = 4; lastKnownFileType = sourcecode.c.h; path = MSDemoViewController.h; sourceTree = "<group>"; };
		DC8EF72118DCB730006E1433 /* MSDemoViewController.m */ = {isa = PBXFileReference; fileEncoding = 4; lastKnownFileType = sourcecode.c.objc; path = MSDemoViewController.m; sourceTree = "<group>"; };
		DCF7C76618DCB6950037EBAA /* LiveBlurDemo.app */ = {isa = PBXFileReference; explicitFileType = wrapper.application; includeInIndex = 0; path = LiveBlurDemo.app; sourceTree = BUILT_PRODUCTS_DIR; };
		DCF7C76918DCB6950037EBAA /* Foundation.framework */ = {isa = PBXFileReference; lastKnownFileType = wrapper.framework; name = Foundation.framework; path = System/Library/Frameworks/Foundation.framework; sourceTree = SDKROOT; };
		DCF7C76B18DCB6950037EBAA /* CoreGraphics.framework */ = {isa = PBXFileReference; lastKnownFileType = wrapper.framework; name = CoreGraphics.framework; path = System/Library/Frameworks/CoreGraphics.framework; sourceTree = SDKROOT; };
		DCF7C76D18DCB6950037EBAA /* UIKit.framework */ = {isa = PBXFileReference; lastKnownFileType = wrapper.framework; name = UIKit.framework; path = System/Library/Frameworks/UIKit.framework; sourceTree = SDKROOT; };
		DCF7C77118DCB6950037EBAA /* LiveBlurDemo-Info.plist */ = {isa = PBXFileReference; lastKnownFileType = text.plist.xml; path = "LiveBlurDemo-Info.plist"; sourceTree = "<group>"; };
		DCF7C77318DCB6950037EBAA /* en */ = {isa = PBXFileReference; lastKnownFileType = text.plist.strings; name = en; path = en.lproj/InfoPlist.strings; sourceTree = "<group>"; };
		DCF7C77518DCB6950037EBAA /* main.m */ = {isa = PBXFileReference; lastKnownFileType = sourcecode.c.objc; path = main.m; sourceTree = "<group>"; };
		DCF7C77718DCB6950037EBAA /* LiveBlurDemo-Prefix.pch */ = {isa = PBXFileReference; lastKnownFileType = sourcecode.c.h; path = "LiveBlurDemo-Prefix.pch"; sourceTree = "<group>"; };
		DCF7C77818DCB6950037EBAA /* MSAppDelegate.h */ = {isa = PBXFileReference; lastKnownFileType = sourcecode.c.h; path = MSAppDelegate.h; sourceTree = "<group>"; };
		DCF7C77918DCB6950037EBAA /* MSAppDelegate.m */ = {isa = PBXFileReference; lastKnownFileType = sourcecode.c.objc; path = MSAppDelegate.m; sourceTree = "<group>"; };
		DCF7C77B18DCB6950037EBAA /* Images.xcassets */ = {isa = PBXFileReference; lastKnownFileType = folder.assetcatalog; path = Images.xcassets; sourceTree = "<group>"; };
		DCF7C78118DCB6950037EBAA /* LiveBlurDemoTests.xctest */ = {isa = PBXFileReference; explicitFileType = wrapper.cfbundle; includeInIndex = 0; path = LiveBlurDemoTests.xctest; sourceTree = BUILT_PRODUCTS_DIR; };
		DCF7C78218DCB6950037EBAA /* XCTest.framework */ = {isa = PBXFileReference; lastKnownFileType = wrapper.framework; name = XCTest.framework; path = Library/Frameworks/XCTest.framework; sourceTree = DEVELOPER_DIR; };
		DCF7C78A18DCB6950037EBAA /* LiveBlurDemoTests-Info.plist */ = {isa = PBXFileReference; lastKnownFileType = text.plist.xml; path = "LiveBlurDemoTests-Info.plist"; sourceTree = "<group>"; };
		DCF7C78C18DCB6950037EBAA /* en */ = {isa = PBXFileReference; lastKnownFileType = text.plist.strings; name = en; path = en.lproj/InfoPlist.strings; sourceTree = "<group>"; };
		DCF7C78E18DCB6950037EBAA /* LiveBlurDemoTests.m */ = {isa = PBXFileReference; lastKnownFileType = sourcecode.c.objc; path = LiveBlurDemoTests.m; sourceTree = "<group>"; };
/* End PBXFileReference section */

/* Begin PBXFrameworksBuildPhase section */
		DCF7C76318DCB6950037EBAA /* Frameworks */ = {
			isa = PBXFrameworksBuildPhase;
			buildActionMask = 2147483647;
			files = (
				DCF7C76C18DCB6950037EBAA /* CoreGraphics.framework in Frameworks */,
				DCF7C76E18DCB6950037EBAA /* UIKit.framework in Frameworks */,
				DCF7C76A18DCB6950037EBAA /* Foundation.framework in Frameworks */,
			);
			runOnlyForDeploymentPostprocessing = 0;
		};
		DCF7C77E18DCB6950037EBAA /* Frameworks */ = {
			isa = PBXFrameworksBuildPhase;
			buildActionMask = 2147483647;
			files = (
				DCF7C78318DCB6950037EBAA /* XCTest.framework in Frameworks */,
				DCF7C78518DCB6950037EBAA /* UIKit.framework in Frameworks */,
				DCF7C78418DCB6950037EBAA /* Foundation.framework in Frameworks */,
			);
			runOnlyForDeploymentPostprocessing = 0;
		};
/* End PBXFrameworksBuildPhase section */

/* Begin PBXGroup section */
		279ADCD41930E9E500D01D3A /* MSLiveBlur */ = {
			isa = PBXGroup;
			children = (
				279ADCD51930E9E500D01D3A /* GPUImage */,
				279ADCED1930E9E500D01D3A /* MSImageView.h */,
				279ADCEE1930E9E500D01D3A /* MSImageView.m */,
				279ADCEF1930E9E500D01D3A /* MSLiveBlur.h */,
				279ADCF01930E9E500D01D3A /* MSLiveBlur.m */,
				279ADCF11930E9E500D01D3A /* MSViewController.h */,
				279ADCF21930E9E500D01D3A /* MSViewController.m */,
			);
			path = MSLiveBlur;
			sourceTree = "<group>";
		};
		279ADCD51930E9E500D01D3A /* GPUImage */ = {
			isa = PBXGroup;
			children = (
				279ADCD61930E9E500D01D3A /* GLProgram.h */,
				279ADCD71930E9E500D01D3A /* GLProgram.m */,
				279ADCD81930E9E500D01D3A /* GPUImageBuffer.h */,
				279ADCD91930E9E500D01D3A /* GPUImageBuffer.m */,
				279ADCDA1930E9E500D01D3A /* GPUImageFilter.h */,
				279ADCDB1930E9E500D01D3A /* GPUImageFilter.m */,
				279ADCDC1930E9E500D01D3A /* GPUImageGaussianBlurFilter.h */,
				279ADCDD1930E9E500D01D3A /* GPUImageGaussianBlurFilter.m */,
				279ADCDE1930E9E500D01D3A /* GPUImageOutput.h */,
				279ADCDF1930E9E500D01D3A /* GPUImageOutput.m */,
				279ADCE01930E9E500D01D3A /* GPUImageTextureInput.h */,
				279ADCE11930E9E500D01D3A /* GPUImageTextureInput.m */,
				279ADCE21930E9E500D01D3A /* GPUImageTextureOutput.h */,
				279ADCE31930E9E500D01D3A /* GPUImageTextureOutput.m */,
				279ADCE41930E9E500D01D3A /* GPUImageTwoPassFilter.h */,
				279ADCE51930E9E500D01D3A /* GPUImageTwoPassFilter.m */,
				279ADCE61930E9E500D01D3A /* GPUImageTwoPassTextureSamplingFilter.h */,
				279ADCE71930E9E500D01D3A /* GPUImageTwoPassTextureSamplingFilter.m */,
				279ADCE81930E9E500D01D3A /* GPUImageUIElement.h */,
				279ADCE91930E9E500D01D3A /* GPUImageUIElement.m */,
				279ADCEA1930E9E500D01D3A /* iOS */,
			);
			path = GPUImage;
			sourceTree = "<group>";
		};
		279ADCEA1930E9E500D01D3A /* iOS */ = {
			isa = PBXGroup;
			children = (
				279ADCEB1930E9E500D01D3A /* GPUImageContext.h */,
				279ADCEC1930E9E500D01D3A /* GPUImageContext.m */,
			);
			path = iOS;
			sourceTree = "<group>";
		};
		DCF7C75D18DCB6950037EBAA = {
			isa = PBXGroup;
			children = (
				DCF7C76F18DCB6950037EBAA /* LiveBlurDemo */,
				DCF7C78818DCB6950037EBAA /* LiveBlurDemoTests */,
				DCF7C76818DCB6950037EBAA /* Frameworks */,
				DCF7C76718DCB6950037EBAA /* Products */,
			);
			sourceTree = "<group>";
		};
		DCF7C76718DCB6950037EBAA /* Products */ = {
			isa = PBXGroup;
			children = (
				DCF7C76618DCB6950037EBAA /* LiveBlurDemo.app */,
				DCF7C78118DCB6950037EBAA /* LiveBlurDemoTests.xctest */,
			);
			name = Products;
			sourceTree = "<group>";
		};
		DCF7C76818DCB6950037EBAA /* Frameworks */ = {
			isa = PBXGroup;
			children = (
				DCF7C76918DCB6950037EBAA /* Foundation.framework */,
				DCF7C76B18DCB6950037EBAA /* CoreGraphics.framework */,
				DCF7C76D18DCB6950037EBAA /* UIKit.framework */,
				DCF7C78218DCB6950037EBAA /* XCTest.framework */,
			);
			name = Frameworks;
			sourceTree = "<group>";
		};
		DCF7C76F18DCB6950037EBAA /* LiveBlurDemo */ = {
			isa = PBXGroup;
			children = (
				279ADCD41930E9E500D01D3A /* MSLiveBlur */,
				DC8EF72018DCB730006E1433 /* MSDemoViewController.h */,
				DC8EF72118DCB730006E1433 /* MSDemoViewController.m */,
				DCF7C77818DCB6950037EBAA /* MSAppDelegate.h */,
				DCF7C77918DCB6950037EBAA /* MSAppDelegate.m */,
				DCF7C77B18DCB6950037EBAA /* Images.xcassets */,
				DCF7C77018DCB6950037EBAA /* Supporting Files */,
			);
			path = LiveBlurDemo;
			sourceTree = "<group>";
		};
		DCF7C77018DCB6950037EBAA /* Supporting Files */ = {
			isa = PBXGroup;
			children = (
				DCF7C77118DCB6950037EBAA /* LiveBlurDemo-Info.plist */,
				DCF7C77218DCB6950037EBAA /* InfoPlist.strings */,
				DCF7C77518DCB6950037EBAA /* main.m */,
				DCF7C77718DCB6950037EBAA /* LiveBlurDemo-Prefix.pch */,
			);
			name = "Supporting Files";
			sourceTree = "<group>";
		};
		DCF7C78818DCB6950037EBAA /* LiveBlurDemoTests */ = {
			isa = PBXGroup;
			children = (
				DCF7C78E18DCB6950037EBAA /* LiveBlurDemoTests.m */,
				DCF7C78918DCB6950037EBAA /* Supporting Files */,
			);
			path = LiveBlurDemoTests;
			sourceTree = "<group>";
		};
		DCF7C78918DCB6950037EBAA /* Supporting Files */ = {
			isa = PBXGroup;
			children = (
				DCF7C78A18DCB6950037EBAA /* LiveBlurDemoTests-Info.plist */,
				DCF7C78B18DCB6950037EBAA /* InfoPlist.strings */,
			);
			name = "Supporting Files";
			sourceTree = "<group>";
		};
/* End PBXGroup section */

/* Begin PBXNativeTarget section */
		DCF7C76518DCB6950037EBAA /* LiveBlurDemo */ = {
			isa = PBXNativeTarget;
			buildConfigurationList = DCF7C79218DCB6950037EBAA /* Build configuration list for PBXNativeTarget "LiveBlurDemo" */;
			buildPhases = (
				DCF7C76218DCB6950037EBAA /* Sources */,
				DCF7C76318DCB6950037EBAA /* Frameworks */,
				DCF7C76418DCB6950037EBAA /* Resources */,
			);
			buildRules = (
			);
			dependencies = (
			);
			name = LiveBlurDemo;
			productName = LiveBlurDemo;
			productReference = DCF7C76618DCB6950037EBAA /* LiveBlurDemo.app */;
			productType = "com.apple.product-type.application";
		};
		DCF7C78018DCB6950037EBAA /* LiveBlurDemoTests */ = {
			isa = PBXNativeTarget;
			buildConfigurationList = DCF7C79518DCB6950037EBAA /* Build configuration list for PBXNativeTarget "LiveBlurDemoTests" */;
			buildPhases = (
				DCF7C77D18DCB6950037EBAA /* Sources */,
				DCF7C77E18DCB6950037EBAA /* Frameworks */,
				DCF7C77F18DCB6950037EBAA /* Resources */,
			);
			buildRules = (
			);
			dependencies = (
				DCF7C78718DCB6950037EBAA /* PBXTargetDependency */,
			);
			name = LiveBlurDemoTests;
			productName = LiveBlurDemoTests;
			productReference = DCF7C78118DCB6950037EBAA /* LiveBlurDemoTests.xctest */;
			productType = "com.apple.product-type.bundle.unit-test";
		};
/* End PBXNativeTarget section */

/* Begin PBXProject section */
		DCF7C75E18DCB6950037EBAA /* Project object */ = {
			isa = PBXProject;
			attributes = {
				CLASSPREFIX = MS;
				LastUpgradeCheck = 0510;
				ORGANIZATIONNAME = "Michael Spensieri";
				TargetAttributes = {
					DCF7C78018DCB6950037EBAA = {
						TestTargetID = DCF7C76518DCB6950037EBAA;
					};
				};
			};
			buildConfigurationList = DCF7C76118DCB6950037EBAA /* Build configuration list for PBXProject "LiveBlurDemo" */;
			compatibilityVersion = "Xcode 3.2";
			developmentRegion = English;
			hasScannedForEncodings = 0;
			knownRegions = (
				en,
			);
			mainGroup = DCF7C75D18DCB6950037EBAA;
			productRefGroup = DCF7C76718DCB6950037EBAA /* Products */;
			projectDirPath = "";
			projectRoot = "";
			targets = (
				DCF7C76518DCB6950037EBAA /* LiveBlurDemo */,
				DCF7C78018DCB6950037EBAA /* LiveBlurDemoTests */,
			);
		};
/* End PBXProject section */

/* Begin PBXResourcesBuildPhase section */
		DCF7C76418DCB6950037EBAA /* Resources */ = {
			isa = PBXResourcesBuildPhase;
			buildActionMask = 2147483647;
			files = (
				DCF7C77418DCB6950037EBAA /* InfoPlist.strings in Resources */,
				DCF7C77C18DCB6950037EBAA /* Images.xcassets in Resources */,
			);
			runOnlyForDeploymentPostprocessing = 0;
		};
		DCF7C77F18DCB6950037EBAA /* Resources */ = {
			isa = PBXResourcesBuildPhase;
			buildActionMask = 2147483647;
			files = (
				DCF7C78D18DCB6950037EBAA /* InfoPlist.strings in Resources */,
			);
			runOnlyForDeploymentPostprocessing = 0;
		};
/* End PBXResourcesBuildPhase section */

/* Begin PBXSourcesBuildPhase section */
		DCF7C76218DCB6950037EBAA /* Sources */ = {
			isa = PBXSourcesBuildPhase;
			buildActionMask = 2147483647;
			files = (
				DCF7C77A18DCB6950037EBAA /* MSAppDelegate.m in Sources */,
				279ADCF81930E9E500D01D3A /* GPUImageTextureInput.m in Sources */,
				279ADCF31930E9E500D01D3A /* GLProgram.m in Sources */,
				279ADCF91930E9E500D01D3A /* GPUImageTextureOutput.m in Sources */,
				279ADCF51930E9E500D01D3A /* GPUImageFilter.m in Sources */,
				279ADCFA1930E9E500D01D3A /* GPUImageTwoPassFilter.m in Sources */,
				279ADCF71930E9E500D01D3A /* GPUImageOutput.m in Sources */,
				279ADD001930E9E500D01D3A /* MSViewController.m in Sources */,
				279ADCF41930E9E500D01D3A /* GPUImageBuffer.m in Sources */,
				279ADCFC1930E9E500D01D3A /* GPUImageUIElement.m in Sources */,
				279ADCF61930E9E500D01D3A /* GPUImageGaussianBlurFilter.m in Sources */,
				DCF7C77618DCB6950037EBAA /* main.m in Sources */,
				279ADCFE1930E9E500D01D3A /* MSImageView.m in Sources */,
				279ADCFF1930E9E500D01D3A /* MSLiveBlur.m in Sources */,
				DC8EF73C18DCB730006E1433 /* MSDemoViewController.m in Sources */,
				279ADCFD1930E9E500D01D3A /* GPUImageContext.m in Sources */,
				279ADCFB1930E9E500D01D3A /* GPUImageTwoPassTextureSamplingFilter.m in Sources */,
			);
			runOnlyForDeploymentPostprocessing = 0;
		};
		DCF7C77D18DCB6950037EBAA /* Sources */ = {
			isa = PBXSourcesBuildPhase;
			buildActionMask = 2147483647;
			files = (
				DCF7C78F18DCB6950037EBAA /* LiveBlurDemoTests.m in Sources */,
			);
			runOnlyForDeploymentPostprocessing = 0;
		};
/* End PBXSourcesBuildPhase section */

/* Begin PBXTargetDependency section */
		DCF7C78718DCB6950037EBAA /* PBXTargetDependency */ = {
			isa = PBXTargetDependency;
			target = DCF7C76518DCB6950037EBAA /* LiveBlurDemo */;
			targetProxy = DCF7C78618DCB6950037EBAA /* PBXContainerItemProxy */;
		};
/* End PBXTargetDependency section */

/* Begin PBXVariantGroup section */
		DCF7C77218DCB6950037EBAA /* InfoPlist.strings */ = {
			isa = PBXVariantGroup;
			children = (
				DCF7C77318DCB6950037EBAA /* en */,
			);
			name = InfoPlist.strings;
			sourceTree = "<group>";
		};
		DCF7C78B18DCB6950037EBAA /* InfoPlist.strings */ = {
			isa = PBXVariantGroup;
			children = (
				DCF7C78C18DCB6950037EBAA /* en */,
			);
			name = InfoPlist.strings;
			sourceTree = "<group>";
		};
/* End PBXVariantGroup section */

/* Begin XCBuildConfiguration section */
		DCF7C79018DCB6950037EBAA /* Debug */ = {
			isa = XCBuildConfiguration;
			buildSettings = {
				ALWAYS_SEARCH_USER_PATHS = NO;
				CLANG_CXX_LANGUAGE_STANDARD = "gnu++0x";
				CLANG_CXX_LIBRARY = "libc++";
				CLANG_ENABLE_MODULES = YES;
				CLANG_ENABLE_OBJC_ARC = YES;
				CLANG_WARN_BOOL_CONVERSION = YES;
				CLANG_WARN_CONSTANT_CONVERSION = YES;
				CLANG_WARN_DIRECT_OBJC_ISA_USAGE = YES_ERROR;
				CLANG_WARN_EMPTY_BODY = YES;
				CLANG_WARN_ENUM_CONVERSION = YES;
				CLANG_WARN_INT_CONVERSION = YES;
				CLANG_WARN_OBJC_ROOT_CLASS = YES_ERROR;
				CLANG_WARN__DUPLICATE_METHOD_MATCH = YES;
				"CODE_SIGN_IDENTITY[sdk=iphoneos*]" = "iPhone Developer";
				COPY_PHASE_STRIP = NO;
				GCC_C_LANGUAGE_STANDARD = gnu99;
				GCC_DYNAMIC_NO_PIC = NO;
				GCC_OPTIMIZATION_LEVEL = 0;
				GCC_PREPROCESSOR_DEFINITIONS = (
					"DEBUG=1",
					"$(inherited)",
				);
				GCC_SYMBOLS_PRIVATE_EXTERN = NO;
				GCC_WARN_64_TO_32_BIT_CONVERSION = YES;
				GCC_WARN_ABOUT_RETURN_TYPE = YES_ERROR;
				GCC_WARN_UNDECLARED_SELECTOR = YES;
				GCC_WARN_UNINITIALIZED_AUTOS = YES_AGGRESSIVE;
				GCC_WARN_UNUSED_FUNCTION = YES;
				GCC_WARN_UNUSED_VARIABLE = YES;
				IPHONEOS_DEPLOYMENT_TARGET = 7.1;
				ONLY_ACTIVE_ARCH = YES;
				SDKROOT = iphoneos;
				TARGETED_DEVICE_FAMILY = "1,2";
			};
			name = Debug;
		};
		DCF7C79118DCB6950037EBAA /* Release */ = {
			isa = XCBuildConfiguration;
			buildSettings = {
				ALWAYS_SEARCH_USER_PATHS = NO;
				CLANG_CXX_LANGUAGE_STANDARD = "gnu++0x";
				CLANG_CXX_LIBRARY = "libc++";
				CLANG_ENABLE_MODULES = YES;
				CLANG_ENABLE_OBJC_ARC = YES;
				CLANG_WARN_BOOL_CONVERSION = YES;
				CLANG_WARN_CONSTANT_CONVERSION = YES;
				CLANG_WARN_DIRECT_OBJC_ISA_USAGE = YES_ERROR;
				CLANG_WARN_EMPTY_BODY = YES;
				CLANG_WARN_ENUM_CONVERSION = YES;
				CLANG_WARN_INT_CONVERSION = YES;
				CLANG_WARN_OBJC_ROOT_CLASS = YES_ERROR;
				CLANG_WARN__DUPLICATE_METHOD_MATCH = YES;
				"CODE_SIGN_IDENTITY[sdk=iphoneos*]" = "iPhone Developer";
				COPY_PHASE_STRIP = YES;
				ENABLE_NS_ASSERTIONS = NO;
				GCC_C_LANGUAGE_STANDARD = gnu99;
				GCC_WARN_64_TO_32_BIT_CONVERSION = YES;
				GCC_WARN_ABOUT_RETURN_TYPE = YES_ERROR;
				GCC_WARN_UNDECLARED_SELECTOR = YES;
				GCC_WARN_UNINITIALIZED_AUTOS = YES_AGGRESSIVE;
				GCC_WARN_UNUSED_FUNCTION = YES;
				GCC_WARN_UNUSED_VARIABLE = YES;
				IPHONEOS_DEPLOYMENT_TARGET = 7.1;
				SDKROOT = iphoneos;
				TARGETED_DEVICE_FAMILY = "1,2";
				VALIDATE_PRODUCT = YES;
			};
			name = Release;
		};
		DCF7C79318DCB6950037EBAA /* Debug */ = {
			isa = XCBuildConfiguration;
			buildSettings = {
				ASSETCATALOG_COMPILER_APPICON_NAME = AppIcon;
				ASSETCATALOG_COMPILER_LAUNCHIMAGE_NAME = LaunchImage;
				GCC_PRECOMPILE_PREFIX_HEADER = YES;
				GCC_PREFIX_HEADER = "LiveBlurDemo/LiveBlurDemo-Prefix.pch";
				INFOPLIST_FILE = "LiveBlurDemo/LiveBlurDemo-Info.plist";
				IPHONEOS_DEPLOYMENT_TARGET = 6.0;
				PRODUCT_NAME = "$(TARGET_NAME)";
				WRAPPER_EXTENSION = app;
			};
			name = Debug;
		};
		DCF7C79418DCB6950037EBAA /* Release */ = {
			isa = XCBuildConfiguration;
			buildSettings = {
				ASSETCATALOG_COMPILER_APPICON_NAME = AppIcon;
				ASSETCATALOG_COMPILER_LAUNCHIMAGE_NAME = LaunchImage;
				GCC_PRECOMPILE_PREFIX_HEADER = YES;
				GCC_PREFIX_HEADER = "LiveBlurDemo/LiveBlurDemo-Prefix.pch";
				INFOPLIST_FILE = "LiveBlurDemo/LiveBlurDemo-Info.plist";
				IPHONEOS_DEPLOYMENT_TARGET = 6.0;
				PRODUCT_NAME = "$(TARGET_NAME)";
				WRAPPER_EXTENSION = app;
			};
			name = Release;
		};
		DCF7C79618DCB6950037EBAA /* Debug */ = {
			isa = XCBuildConfiguration;
			buildSettings = {
				BUNDLE_LOADER = "$(BUILT_PRODUCTS_DIR)/LiveBlurDemo.app/LiveBlurDemo";
				FRAMEWORK_SEARCH_PATHS = (
					"$(SDKROOT)/Developer/Library/Frameworks",
					"$(inherited)",
					"$(DEVELOPER_FRAMEWORKS_DIR)",
				);
				GCC_PRECOMPILE_PREFIX_HEADER = YES;
				GCC_PREFIX_HEADER = "LiveBlurDemo/LiveBlurDemo-Prefix.pch";
				GCC_PREPROCESSOR_DEFINITIONS = (
					"DEBUG=1",
					"$(inherited)",
				);
				INFOPLIST_FILE = "LiveBlurDemoTests/LiveBlurDemoTests-Info.plist";
				PRODUCT_NAME = "$(TARGET_NAME)";
				TEST_HOST = "$(BUNDLE_LOADER)";
				WRAPPER_EXTENSION = xctest;
			};
			name = Debug;
		};
		DCF7C79718DCB6950037EBAA /* Release */ = {
			isa = XCBuildConfiguration;
			buildSettings = {
				BUNDLE_LOADER = "$(BUILT_PRODUCTS_DIR)/LiveBlurDemo.app/LiveBlurDemo";
				FRAMEWORK_SEARCH_PATHS = (
					"$(SDKROOT)/Developer/Library/Frameworks",
					"$(inherited)",
					"$(DEVELOPER_FRAMEWORKS_DIR)",
				);
				GCC_PRECOMPILE_PREFIX_HEADER = YES;
				GCC_PREFIX_HEADER = "LiveBlurDemo/LiveBlurDemo-Prefix.pch";
				INFOPLIST_FILE = "LiveBlurDemoTests/LiveBlurDemoTests-Info.plist";
				PRODUCT_NAME = "$(TARGET_NAME)";
				TEST_HOST = "$(BUNDLE_LOADER)";
				WRAPPER_EXTENSION = xctest;
			};
			name = Release;
		};
/* End XCBuildConfiguration section */

/* Begin XCConfigurationList section */
		DCF7C76118DCB6950037EBAA /* Build configuration list for PBXProject "LiveBlurDemo" */ = {
			isa = XCConfigurationList;
			buildConfigurations = (
				DCF7C79018DCB6950037EBAA /* Debug */,
				DCF7C79118DCB6950037EBAA /* Release */,
			);
			defaultConfigurationIsVisible = 0;
			defaultConfigurationName = Release;
		};
		DCF7C79218DCB6950037EBAA /* Build configuration list for PBXNativeTarget "LiveBlurDemo" */ = {
			isa = XCConfigurationList;
			buildConfigurations = (
				DCF7C79318DCB6950037EBAA /* Debug */,
				DCF7C79418DCB6950037EBAA /* Release */,
			);
			defaultConfigurationIsVisible = 0;
			defaultConfigurationName = Release;
		};
		DCF7C79518DCB6950037EBAA /* Build configuration list for PBXNativeTarget "LiveBlurDemoTests" */ = {
			isa = XCConfigurationList;
			buildConfigurations = (
				DCF7C79618DCB6950037EBAA /* Debug */,
				DCF7C79718DCB6950037EBAA /* Release */,
			);
			defaultConfigurationIsVisible = 0;
			defaultConfigurationName = Release;
		};
/* End XCConfigurationList section */
	};
	rootObject = DCF7C75E18DCB6950037EBAA /* Project object */;
}
